// !$*UTF8*$!
{
	archiveVersion = 1;
	classes = {
	};
	objectVersion = 46;
	objects = {

/* Begin PBXBuildFile section */
		1D12B4D2B24232B9C3C22E3F /* libPods-XDVerticalGradientColorSlider.a in Frameworks */ = {isa = PBXBuildFile; fileRef = 2544E1E4EC56249B97060A9A /* libPods-XDVerticalGradientColorSlider.a */; };
		1F4E39811F2A400D00CDAD80 /* main.m in Sources */ = {isa = PBXBuildFile; fileRef = 1F4E39801F2A400D00CDAD80 /* main.m */; };
		1F4E39841F2A400D00CDAD80 /* AppDelegate.m in Sources */ = {isa = PBXBuildFile; fileRef = 1F4E39831F2A400D00CDAD80 /* AppDelegate.m */; };
		1F4E39871F2A400D00CDAD80 /* ViewController.m in Sources */ = {isa = PBXBuildFile; fileRef = 1F4E39861F2A400D00CDAD80 /* ViewController.m */; };
		1F4E398A1F2A400D00CDAD80 /* Main.storyboard in Resources */ = {isa = PBXBuildFile; fileRef = 1F4E39881F2A400D00CDAD80 /* Main.storyboard */; };
		1F4E398C1F2A400D00CDAD80 /* Assets.xcassets in Resources */ = {isa = PBXBuildFile; fileRef = 1F4E398B1F2A400D00CDAD80 /* Assets.xcassets */; };
		1F4E398F1F2A400D00CDAD80 /* LaunchScreen.storyboard in Resources */ = {isa = PBXBuildFile; fileRef = 1F4E398D1F2A400D00CDAD80 /* LaunchScreen.storyboard */; };
/* End PBXBuildFile section */

/* Begin PBXFileReference section */
		113BFC049E8BA911355C9426 /* Pods-XDVerticalGradientColorSlider.release.xcconfig */ = {isa = PBXFileReference; includeInIndex = 1; lastKnownFileType = text.xcconfig; name = "Pods-XDVerticalGradientColorSlider.release.xcconfig"; path = "Pods/Target Support Files/Pods-XDVerticalGradientColorSlider/Pods-XDVerticalGradientColorSlider.release.xcconfig"; sourceTree = "<group>"; };
		1F4E397C1F2A400D00CDAD80 /* XDVerticalGradientColorSlider.app */ = {isa = PBXFileReference; explicitFileType = wrapper.application; includeInIndex = 0; path = XDVerticalGradientColorSlider.app; sourceTree = BUILT_PRODUCTS_DIR; };
		1F4E39801F2A400D00CDAD80 /* main.m */ = {isa = PBXFileReference; lastKnownFileType = sourcecode.c.objc; path = main.m; sourceTree = "<group>"; };
		1F4E39821F2A400D00CDAD80 /* AppDelegate.h */ = {isa = PBXFileReference; lastKnownFileType = sourcecode.c.h; path = AppDelegate.h; sourceTree = "<group>"; };
		1F4E39831F2A400D00CDAD80 /* AppDelegate.m */ = {isa = PBXFileReference; lastKnownFileType = sourcecode.c.objc; path = AppDelegate.m; sourceTree = "<group>"; };
		1F4E39851F2A400D00CDAD80 /* ViewController.h */ = {isa = PBXFileReference; lastKnownFileType = sourcecode.c.h; path = ViewController.h; sourceTree = "<group>"; };
		1F4E39861F2A400D00CDAD80 /* ViewController.m */ = {isa = PBXFileReference; lastKnownFileType = sourcecode.c.objc; path = ViewController.m; sourceTree = "<group>"; };
		1F4E39891F2A400D00CDAD80 /* Base */ = {isa = PBXFileReference; lastKnownFileType = file.storyboard; name = Base; path = Base.lproj/Main.storyboard; sourceTree = "<group>"; };
		1F4E398B1F2A400D00CDAD80 /* Assets.xcassets */ = {isa = PBXFileReference; lastKnownFileType = folder.assetcatalog; path = Assets.xcassets; sourceTree = "<group>"; };
		1F4E398E1F2A400D00CDAD80 /* Base */ = {isa = PBXFileReference; lastKnownFileType = file.storyboard; name = Base; path = Base.lproj/LaunchScreen.storyboard; sourceTree = "<group>"; };
		1F4E39901F2A400D00CDAD80 /* Info.plist */ = {isa = PBXFileReference; lastKnownFileType = text.plist.xml; path = Info.plist; sourceTree = "<group>"; };
		2544E1E4EC56249B97060A9A /* libPods-XDVerticalGradientColorSlider.a */ = {isa = PBXFileReference; explicitFileType = archive.ar; includeInIndex = 0; path = "libPods-XDVerticalGradientColorSlider.a"; sourceTree = BUILT_PRODUCTS_DIR; };
		3BD5681273D2E807B1911640 /* Pods-XDVerticalGradientColorSlider.debug.xcconfig */ = {isa = PBXFileReference; includeInIndex = 1; lastKnownFileType = text.xcconfig; name = "Pods-XDVerticalGradientColorSlider.debug.xcconfig"; path = "Pods/Target Support Files/Pods-XDVerticalGradientColorSlider/Pods-XDVerticalGradientColorSlider.debug.xcconfig"; sourceTree = "<group>"; };
/* End PBXFileReference section */

/* Begin PBXFrameworksBuildPhase section */
		1F4E39791F2A400D00CDAD80 /* Frameworks */ = {
			isa = PBXFrameworksBuildPhase;
			buildActionMask = 2147483647;
			files = (
				1D12B4D2B24232B9C3C22E3F /* libPods-XDVerticalGradientColorSlider.a in Frameworks */,
			);
			runOnlyForDeploymentPostprocessing = 0;
		};
/* End PBXFrameworksBuildPhase section */

/* Begin PBXGroup section */
		15491D5AF48089BC9B3A5E06 /* Frameworks */ = {
			isa = PBXGroup;
			children = (
				2544E1E4EC56249B97060A9A /* libPods-XDVerticalGradientColorSlider.a */,
			);
			name = Frameworks;
			sourceTree = "<group>";
		};
		1F4E39731F2A400D00CDAD80 = {
			isa = PBXGroup;
			children = (
				1F4E397E1F2A400D00CDAD80 /* XDVerticalGradientColorSlider */,
				1F4E397D1F2A400D00CDAD80 /* Products */,
				9CC4FA3B543B91AB8AEE0D3A /* Pods */,
				15491D5AF48089BC9B3A5E06 /* Frameworks */,
			);
			sourceTree = "<group>";
		};
		1F4E397D1F2A400D00CDAD80 /* Products */ = {
			isa = PBXGroup;
			children = (
				1F4E397C1F2A400D00CDAD80 /* XDVerticalGradientColorSlider.app */,
			);
			name = Products;
			sourceTree = "<group>";
		};
		1F4E397E1F2A400D00CDAD80 /* XDVerticalGradientColorSlider */ = {
			isa = PBXGroup;
			children = (
				1F4E39821F2A400D00CDAD80 /* AppDelegate.h */,
				1F4E39831F2A400D00CDAD80 /* AppDelegate.m */,
				1F4E39851F2A400D00CDAD80 /* ViewController.h */,
				1F4E39861F2A400D00CDAD80 /* ViewController.m */,
				1F4E39881F2A400D00CDAD80 /* Main.storyboard */,
				1F4E398B1F2A400D00CDAD80 /* Assets.xcassets */,
				1F4E398D1F2A400D00CDAD80 /* LaunchScreen.storyboard */,
				1F4E39901F2A400D00CDAD80 /* Info.plist */,
				1F4E397F1F2A400D00CDAD80 /* Supporting Files */,
			);
			path = XDVerticalGradientColorSlider;
			sourceTree = "<group>";
		};
		1F4E397F1F2A400D00CDAD80 /* Supporting Files */ = {
			isa = PBXGroup;
			children = (
				1F4E39801F2A400D00CDAD80 /* main.m */,
			);
			name = "Supporting Files";
			sourceTree = "<group>";
		};
		9CC4FA3B543B91AB8AEE0D3A /* Pods */ = {
			isa = PBXGroup;
			children = (
				3BD5681273D2E807B1911640 /* Pods-XDVerticalGradientColorSlider.debug.xcconfig */,
				113BFC049E8BA911355C9426 /* Pods-XDVerticalGradientColorSlider.release.xcconfig */,
			);
			name = Pods;
			sourceTree = "<group>";
		};
/* End PBXGroup section */

/* Begin PBXNativeTarget section */
		1F4E397B1F2A400D00CDAD80 /* XDVerticalGradientColorSlider */ = {
			isa = PBXNativeTarget;
			buildConfigurationList = 1F4E39931F2A400D00CDAD80 /* Build configuration list for PBXNativeTarget "XDVerticalGradientColorSlider" */;
			buildPhases = (
				863ADDA0BA55A5AD6FFC1596 /* [CP] Check Pods Manifest.lock */,
				1F4E39781F2A400D00CDAD80 /* Sources */,
				1F4E39791F2A400D00CDAD80 /* Frameworks */,
				1F4E397A1F2A400D00CDAD80 /* Resources */,
				EEC46D32D43CC81A751336BB /* [CP] Embed Pods Frameworks */,
				12CAE48A07BD1DD0056ECFC0 /* [CP] Copy Pods Resources */,
			);
			buildRules = (
			);
			dependencies = (
			);
			name = XDVerticalGradientColorSlider;
			productName = XDVerticalGradientColorSlider;
			productReference = 1F4E397C1F2A400D00CDAD80 /* XDVerticalGradientColorSlider.app */;
			productType = "com.apple.product-type.application";
		};
/* End PBXNativeTarget section */

/* Begin PBXProject section */
		1F4E39741F2A400D00CDAD80 /* Project object */ = {
			isa = PBXProject;
			attributes = {
				LastUpgradeCheck = 0830;
				ORGANIZATIONNAME = "SkyPrayer Studio";
				TargetAttributes = {
					1F4E397B1F2A400D00CDAD80 = {
						CreatedOnToolsVersion = 8.3;
						ProvisioningStyle = Automatic;
					};
				};
			};
			buildConfigurationList = 1F4E39771F2A400D00CDAD80 /* Build configuration list for PBXProject "XDVerticalGradientColorSlider" */;
			compatibilityVersion = "Xcode 3.2";
			developmentRegion = English;
			hasScannedForEncodings = 0;
			knownRegions = (
				en,
				Base,
			);
			mainGroup = 1F4E39731F2A400D00CDAD80;
			productRefGroup = 1F4E397D1F2A400D00CDAD80 /* Products */;
			projectDirPath = "";
			projectRoot = "";
			targets = (
				1F4E397B1F2A400D00CDAD80 /* XDVerticalGradientColorSlider */,
			);
		};
/* End PBXProject section */

/* Begin PBXResourcesBuildPhase section */
		1F4E397A1F2A400D00CDAD80 /* Resources */ = {
			isa = PBXResourcesBuildPhase;
			buildActionMask = 2147483647;
			files = (
				1F4E398F1F2A400D00CDAD80 /* LaunchScreen.storyboard in Resources */,
				1F4E398C1F2A400D00CDAD80 /* Assets.xcassets in Resources */,
				1F4E398A1F2A400D00CDAD80 /* Main.storyboard in Resources */,
			);
			runOnlyForDeploymentPostprocessing = 0;
		};
/* End PBXResourcesBuildPhase section */

/* Begin PBXShellScriptBuildPhase section */
		12CAE48A07BD1DD0056ECFC0 /* [CP] Copy Pods Resources */ = {
			isa = PBXShellScriptBuildPhase;
			buildActionMask = 2147483647;
			files = (
			);
			inputPaths = (
			);
			name = "[CP] Copy Pods Resources";
			outputPaths = (
			);
			runOnlyForDeploymentPostprocessing = 0;
			shellPath = /bin/sh;
			shellScript = "\"${SRCROOT}/Pods/Target Support Files/Pods-XDVerticalGradientColorSlider/Pods-XDVerticalGradientColorSlider-resources.sh\"\n";
			showEnvVarsInLog = 0;
		};
		863ADDA0BA55A5AD6FFC1596 /* [CP] Check Pods Manifest.lock */ = {
			isa = PBXShellScriptBuildPhase;
			buildActionMask = 2147483647;
			files = (
			);
			inputPaths = (
			);
			name = "[CP] Check Pods Manifest.lock";
			outputPaths = (
			);
			runOnlyForDeploymentPostprocessing = 0;
			shellPath = /bin/sh;
			shellScript = "diff \"${PODS_PODFILE_DIR_PATH}/Podfile.lock\" \"${PODS_ROOT}/Manifest.lock\" > /dev/null\nif [ $? != 0 ] ; then\n    # print error to STDERR\n    echo \"error: The sandbox is not in sync with the Podfile.lock. Run 'pod install' or update your CocoaPods installation.\" >&2\n    exit 1\nfi\n";
			showEnvVarsInLog = 0;
		};
		EEC46D32D43CC81A751336BB /* [CP] Embed Pods Frameworks */ = {
			isa = PBXShellScriptBuildPhase;
			buildActionMask = 2147483647;
			files = (
			);
			inputPaths = (
			);
			name = "[CP] Embed Pods Frameworks";
			outputPaths = (
			);
			runOnlyForDeploymentPostprocessing = 0;
			shellPath = /bin/sh;
			shellScript = "\"${SRCROOT}/Pods/Target Support Files/Pods-XDVerticalGradientColorSlider/Pods-XDVerticalGradientColorSlider-frameworks.sh\"\n";
			showEnvVarsInLog = 0;
		};
/* End PBXShellScriptBuildPhase section */

/* Begin PBXSourcesBuildPhase section */
		1F4E39781F2A400D00CDAD80 /* Sources */ = {
			isa = PBXSourcesBuildPhase;
			buildActionMask = 2147483647;
			files = (
				1F4E39871F2A400D00CDAD80 /* ViewController.m in Sources */,
				1F4E39841F2A400D00CDAD80 /* AppDelegate.m in Sources */,
				1F4E39811F2A400D00CDAD80 /* main.m in Sources */,
			);
			runOnlyForDeploymentPostprocessing = 0;
		};
/* End PBXSourcesBuildPhase section */

/* Begin PBXVariantGroup section */
		1F4E39881F2A400D00CDAD80 /* Main.storyboard */ = {
			isa = PBXVariantGroup;
			children = (
				1F4E39891F2A400D00CDAD80 /* Base */,
			);
			name = Main.storyboard;
			sourceTree = "<group>";
		};
		1F4E398D1F2A400D00CDAD80 /* LaunchScreen.storyboard */ = {
			isa = PBXVariantGroup;
			children = (
				1F4E398E1F2A400D00CDAD80 /* Base */,
			);
			name = LaunchScreen.storyboard;
			sourceTree = "<group>";
		};
/* End PBXVariantGroup section */

/* Begin XCBuildConfiguration section */
		1F4E39911F2A400D00CDAD80 /* Debug */ = {
			isa = XCBuildConfiguration;
			buildSettings = {
				ALWAYS_SEARCH_USER_PATHS = NO;
				CLANG_ANALYZER_NONNULL = YES;
				CLANG_ANALYZER_NUMBER_OBJECT_CONVERSION = YES_AGGRESSIVE;
				CLANG_CXX_LANGUAGE_STANDARD = "gnu++0x";
				CLANG_CXX_LIBRARY = "libc++";
				CLANG_ENABLE_MODULES = YES;
				CLANG_ENABLE_OBJC_ARC = YES;
				CLANG_WARN_BOOL_CONVERSION = YES;
				CLANG_WARN_CONSTANT_CONVERSION = YES;
				CLANG_WARN_DIRECT_OBJC_ISA_USAGE = YES_ERROR;
				CLANG_WARN_DOCUMENTATION_COMMENTS = YES;
				CLANG_WARN_EMPTY_BODY = YES;
				CLANG_WARN_ENUM_CONVERSION = YES;
				CLANG_WARN_INFINITE_RECURSION = YES;
				CLANG_WARN_INT_CONVERSION = YES;
				CLANG_WARN_OBJC_ROOT_CLASS = YES_ERROR;
				CLANG_WARN_SUSPICIOUS_MOVE = YES;
				CLANG_WARN_UNREACHABLE_CODE = YES;
				CLANG_WARN__DUPLICATE_METHOD_MATCH = YES;
				"CODE_SIGN_IDENTITY[sdk=iphoneos*]" = "iPhone Developer";
				COPY_PHASE_STRIP = NO;
				DEBUG_INFORMATION_FORMAT = dwarf;
				ENABLE_STRICT_OBJC_MSGSEND = YES;
				ENABLE_TESTABILITY = YES;
				GCC_C_LANGUAGE_STANDARD = gnu99;
				GCC_DYNAMIC_NO_PIC = NO;
				GCC_NO_COMMON_BLOCKS = YES;
				GCC_OPTIMIZATION_LEVEL = 0;
				GCC_PREPROCESSOR_DEFINITIONS = (
					"DEBUG=1",
					"$(inherited)",
				);
				GCC_WARN_64_TO_32_BIT_CONVERSION = YES;
				GCC_WARN_ABOUT_RETURN_TYPE = YES_ERROR;
				GCC_WARN_UNDECLARED_SELECTOR = YES;
				GCC_WARN_UNINITIALIZED_AUTOS = YES_AGGRESSIVE;
				GCC_WARN_UNUSED_FUNCTION = YES;
				GCC_WARN_UNUSED_VARIABLE = YES;
				IPHONEOS_DEPLOYMENT_TARGET = 10.3;
				MTL_ENABLE_DEBUG_INFO = YES;
				ONLY_ACTIVE_ARCH = YES;
				SDKROOT = iphoneos;
			};
			name = Debug;
		};
		1F4E39921F2A400D00CDAD80 /* Release */ = {
			isa = XCBuildConfiguration;
			buildSettings = {
				ALWAYS_SEARCH_USER_PATHS = NO;
				CLANG_ANALYZER_NONNULL = YES;
				CLANG_ANALYZER_NUMBER_OBJECT_CONVERSION = YES_AGGRESSIVE;
				CLANG_CXX_LANGUAGE_STANDARD = "gnu++0x";
				CLANG_CXX_LIBRARY = "libc++";
				CLANG_ENABLE_MODULES = YES;
				CLANG_ENABLE_OBJC_ARC = YES;
				CLANG_WARN_BOOL_CONVERSION = YES;
				CLANG_WARN_CONSTANT_CONVERSION = YES;
				CLANG_WARN_DIRECT_OBJC_ISA_USAGE = YES_ERROR;
				CLANG_WARN_DOCUMENTATION_COMMENTS = YES;
				CLANG_WARN_EMPTY_BODY = YES;
				CLANG_WARN_ENUM_CONVERSION = YES;
				CLANG_WARN_INFINITE_RECURSION = YES;
				CLANG_WARN_INT_CONVERSION = YES;
				CLANG_WARN_OBJC_ROOT_CLASS = YES_ERROR;
				CLANG_WARN_SUSPICIOUS_MOVE = YES;
				CLANG_WARN_UNREACHABLE_CODE = YES;
				CLANG_WARN__DUPLICATE_METHOD_MATCH = YES;
				"CODE_SIGN_IDENTITY[sdk=iphoneos*]" = "iPhone Developer";
				COPY_PHASE_STRIP = NO;
				DEBUG_INFORMATION_FORMAT = "dwarf-with-dsym";
				ENABLE_NS_ASSERTIONS = NO;
				ENABLE_STRICT_OBJC_MSGSEND = YES;
				GCC_C_LANGUAGE_STANDARD = gnu99;
				GCC_NO_COMMON_BLOCKS = YES;
				GCC_WARN_64_TO_32_BIT_CONVERSION = YES;
				GCC_WARN_ABOUT_RETURN_TYPE = YES_ERROR;
				GCC_WARN_UNDECLARED_SELECTOR = YES;
				GCC_WARN_UNINITIALIZED_AUTOS = YES_AGGRESSIVE;
				GCC_WARN_UNUSED_FUNCTION = YES;
				GCC_WARN_UNUSED_VARIABLE = YES;
				IPHONEOS_DEPLOYMENT_TARGET = 10.3;
				MTL_ENABLE_DEBUG_INFO = NO;
				SDKROOT = iphoneos;
				VALIDATE_PRODUCT = YES;
			};
			name = Release;
		};
		1F4E39941F2A400D00CDAD80 /* Debug */ = {
			isa = XCBuildConfiguration;
			baseConfigurationReference = 3BD5681273D2E807B1911640 /* Pods-XDVerticalGradientColorSlider.debug.xcconfig */;
			buildSettings = {
				ASSETCATALOG_COMPILER_APPICON_NAME = AppIcon;
				INFOPLIST_FILE = XDVerticalGradientColorSlider/Info.plist;
				LD_RUNPATH_SEARCH_PATHS = "$(inherited) @executable_path/Frameworks";
				PRODUCT_BUNDLE_IDENTIFIER = com.skyprayer.XDVerticalGradientColorSlider;
				PRODUCT_NAME = "$(TARGET_NAME)";
			};
			name = Debug;
		};
		1F4E39951F2A400D00CDAD80 /* Release */ = {
			isa = XCBuildConfiguration;
			baseConfigurationReference = 113BFC049E8BA911355C9426 /* Pods-XDVerticalGradientColorSlider.release.xcconfig */;
			buildSettings = {
				ASSETCATALOG_COMPILER_APPICON_NAME = AppIcon;
				INFOPLIST_FILE = XDVerticalGradientColorSlider/Info.plist;
				LD_RUNPATH_SEARCH_PATHS = "$(inherited) @executable_path/Frameworks";
				PRODUCT_BUNDLE_IDENTIFIER = com.skyprayer.XDVerticalGradientColorSlider;
				PRODUCT_NAME = "$(TARGET_NAME)";
			};
			name = Release;
		};
/* End XCBuildConfiguration section */

/* Begin XCConfigurationList section */
		1F4E39771F2A400D00CDAD80 /* Build configuration list for PBXProject "XDVerticalGradientColorSlider" */ = {
			isa = XCConfigurationList;
			buildConfigurations = (
				1F4E39911F2A400D00CDAD80 /* Debug */,
				1F4E39921F2A400D00CDAD80 /* Release */,
			);
			defaultConfigurationIsVisible = 0;
			defaultConfigurationName = Release;
		};
		1F4E39931F2A400D00CDAD80 /* Build configuration list for PBXNativeTarget "XDVerticalGradientColorSlider" */ = {
			isa = XCConfigurationList;
			buildConfigurations = (
				1F4E39941F2A400D00CDAD80 /* Debug */,
				1F4E39951F2A400D00CDAD80 /* Release */,
			);
			defaultConfigurationIsVisible = 0;
			defaultConfigurationName = Release;
		};
/* End XCConfigurationList section */
	};
	rootObject = 1F4E39741F2A400D00CDAD80 /* Project object */;
}
